
Microsoft Visual Studio Solution File, Format Version 12.00
# Visual Studio Version 17
VisualStudioVersion = 17.11.35312.102
MinimumVisualStudioVersion = 10.0.40219.1
Project("{FAE04EC0-301F-11D3-BF4B-00C04F79EFBC}") = "Jellyfile.Server", "Jellyfile.Server\Jellyfile.Server.csproj", "{C50702B0-A51B-4D78-AEEB-030193D15257}"
EndProject
Project("{54A90642-561A-4BB1-A94E-469ADEE60C69}") = "jellyfile.client", "jellyfile.client\jellyfile.client.esproj", "{160F8CA5-33E4-42A3-A75F-3694A8C40B29}"
EndProject
Global
	GlobalSection(SolutionConfigurationPlatforms) = preSolution
		Debug|Any CPU = Debug|Any CPU
		Release|Any CPU = Release|Any CPU
	EndGlobalSection
	GlobalSection(ProjectConfigurationPlatforms) = postSolution
		{C50702B0-A51B-4D78-AEEB-030193D15257}.Debug|Any CPU.ActiveCfg = Debug|Any CPU
		{C50702B0-A51B-4D78-AEEB-030193D15257}.Debug|Any CPU.Build.0 = Debug|Any CPU
		{C50702B0-A51B-4D78-AEEB-030193D15257}.Release|Any CPU.ActiveCfg = Release|Any CPU
		{C50702B0-A51B-4D78-AEEB-030193D15257}.Release|Any CPU.Build.0 = Release|Any CPU
		{160F8CA5-33E4-42A3-A75F-3694A8C40B29}.Debug|Any CPU.ActiveCfg = Debug|Any CPU
		{160F8CA5-33E4-42A3-A75F-3694A8C40B29}.Debug|Any CPU.Build.0 = Debug|Any CPU
		{160F8CA5-33E4-42A3-A75F-3694A8C40B29}.Debug|Any CPU.Deploy.0 = Debug|Any CPU
		{160F8CA5-33E4-42A3-A75F-3694A8C40B29}.Release|Any CPU.ActiveCfg = Release|Any CPU
		{160F8CA5-33E4-42A3-A75F-3694A8C40B29}.Release|Any CPU.Build.0 = Release|Any CPU
		{160F8CA5-33E4-42A3-A75F-3694A8C40B29}.Release|Any CPU.Deploy.0 = Release|Any CPU
	EndGlobalSection
	GlobalSection(SolutionProperties) = preSolution
		HideSolutionNode = FALSE
	EndGlobalSection
	GlobalSection(ExtensibilityGlobals) = postSolution
		SolutionGuid = {7E757457-B530-4C48-B654-9C54F45AF601}
	EndGlobalSection
EndGlobal
